
Microsoft Visual Studio Solution File, Format Version 12.00
# Visual Studio Version 16
VisualStudioVersion = 16.0.30804.86
MinimumVisualStudioVersion = 10.0.40219.1
Project("{F2A71F9B-5D33-465A-A702-920D77279786}") = "advent18", "advent18.fsproj", "{B11DCD91-0B20-4664-969D-744A753A8E4E}"
EndProject
Global
	GlobalSection(SolutionConfigurationPlatforms) = preSolution
		Debug|Any CPU = Debug|Any CPU
		Release|Any CPU = Release|Any CPU
	EndGlobalSection
	GlobalSection(ProjectConfigurationPlatforms) = postSolution
		{B11DCD91-0B20-4664-969D-744A753A8E4E}.Debug|Any CPU.ActiveCfg = Debug|Any CPU
		{B11DCD91-0B20-4664-969D-744A753A8E4E}.Debug|Any CPU.Build.0 = Debug|Any CPU
		{B11DCD91-0B20-4664-969D-744A753A8E4E}.Release|Any CPU.ActiveCfg = Release|Any CPU
		{B11DCD91-0B20-4664-969D-744A753A8E4E}.Release|Any CPU.Build.0 = Release|Any CPU
	EndGlobalSection
	GlobalSection(SolutionProperties) = preSolution
		HideSolutionNode = FALSE
	EndGlobalSection
	GlobalSection(ExtensibilityGlobals) = postSolution
		SolutionGuid = {0FE60398-EB1E-4242-9418-D8E2E324E589}
	EndGlobalSection
EndGlobal
