
Microsoft Visual Studio Solution File, Format Version 12.00
# Visual Studio Version 16
VisualStudioVersion = 16.0.30717.126
MinimumVisualStudioVersion = 10.0.40219.1
Project("{F2A71F9B-5D33-465A-A702-920D77279786}") = "advent9", "advent9.fsproj", "{2AAF9538-1FB3-42D1-B447-B033F2AD1424}"
EndProject
Global
	GlobalSection(SolutionConfigurationPlatforms) = preSolution
		Debug|Any CPU = Debug|Any CPU
		Release|Any CPU = Release|Any CPU
	EndGlobalSection
	GlobalSection(ProjectConfigurationPlatforms) = postSolution
		{2AAF9538-1FB3-42D1-B447-B033F2AD1424}.Debug|Any CPU.ActiveCfg = Debug|Any CPU
		{2AAF9538-1FB3-42D1-B447-B033F2AD1424}.Debug|Any CPU.Build.0 = Debug|Any CPU
		{2AAF9538-1FB3-42D1-B447-B033F2AD1424}.Release|Any CPU.ActiveCfg = Release|Any CPU
		{2AAF9538-1FB3-42D1-B447-B033F2AD1424}.Release|Any CPU.Build.0 = Release|Any CPU
	EndGlobalSection
	GlobalSection(SolutionProperties) = preSolution
		HideSolutionNode = FALSE
	EndGlobalSection
	GlobalSection(ExtensibilityGlobals) = postSolution
		SolutionGuid = {99493FE9-893A-437C-8582-7B15C79D11FF}
	EndGlobalSection
EndGlobal
