
Microsoft Visual Studio Solution File, Format Version 12.00
# Visual Studio Version 16
VisualStudioVersion = 16.0.30804.86
MinimumVisualStudioVersion = 10.0.40219.1
Project("{F2A71F9B-5D33-465A-A702-920D77279786}") = "advent10", "advent10.fsproj", "{61106028-9DE6-4FF0-BA6D-06C27A7EFB66}"
EndProject
Global
	GlobalSection(SolutionConfigurationPlatforms) = preSolution
		Debug|Any CPU = Debug|Any CPU
		Release|Any CPU = Release|Any CPU
	EndGlobalSection
	GlobalSection(ProjectConfigurationPlatforms) = postSolution
		{61106028-9DE6-4FF0-BA6D-06C27A7EFB66}.Debug|Any CPU.ActiveCfg = Debug|Any CPU
		{61106028-9DE6-4FF0-BA6D-06C27A7EFB66}.Debug|Any CPU.Build.0 = Debug|Any CPU
		{61106028-9DE6-4FF0-BA6D-06C27A7EFB66}.Release|Any CPU.ActiveCfg = Release|Any CPU
		{61106028-9DE6-4FF0-BA6D-06C27A7EFB66}.Release|Any CPU.Build.0 = Release|Any CPU
	EndGlobalSection
	GlobalSection(SolutionProperties) = preSolution
		HideSolutionNode = FALSE
	EndGlobalSection
	GlobalSection(ExtensibilityGlobals) = postSolution
		SolutionGuid = {6C1D48BF-A0C9-4366-9539-D41C995EEDA6}
	EndGlobalSection
EndGlobal
